
Microsoft Visual Studio Solution File, Format Version 12.00
# Visual Studio Version 17
VisualStudioVersion = 17.9.34728.123
MinimumVisualStudioVersion = 10.0.40219.1
Project("{9A19103F-16F7-4668-BE54-9A1E7A4F7556}") = "Infrastructure.Core", "Infrastructure.Core\Infrastructure.Core.csproj", "{697355AA-0CBE-4045-80A7-6BD3EA4ACEDA}"
EndProject
Global
	GlobalSection(SolutionConfigurationPlatforms) = preSolution
		Debug|Any CPU = Debug|Any CPU
		Release|Any CPU = Release|Any CPU
	EndGlobalSection
	GlobalSection(ProjectConfigurationPlatforms) = postSolution
		{697355AA-0CBE-4045-80A7-6BD3EA4ACEDA}.Debug|Any CPU.ActiveCfg = Debug|Any CPU
		{697355AA-0CBE-4045-80A7-6BD3EA4ACEDA}.Debug|Any CPU.Build.0 = Debug|Any CPU
		{697355AA-0CBE-4045-80A7-6BD3EA4ACEDA}.Release|Any CPU.ActiveCfg = Release|Any CPU
		{697355AA-0CBE-4045-80A7-6BD3EA4ACEDA}.Release|Any CPU.Build.0 = Release|Any CPU
	EndGlobalSection
	GlobalSection(SolutionProperties) = preSolution
		HideSolutionNode = FALSE
	EndGlobalSection
	GlobalSection(ExtensibilityGlobals) = postSolution
		SolutionGuid = {144C0DC4-45D4-43C0-A7D0-F84D2C524039}
	EndGlobalSection
EndGlobal
