
Microsoft Visual Studio Solution File, Format Version 12.00
# Visual Studio Version 17
VisualStudioVersion = 17.9.34728.123
MinimumVisualStudioVersion = 10.0.40219.1
Project("{9A19103F-16F7-4668-BE54-9A1E7A4F7556}") = "Infrastructure.Core", "Infrastructure.Core\Infrastructure.Core.csproj", "{3C5DF4A8-E237-4DC3-99E3-96086AED0D01}"
EndProject
Project("{9A19103F-16F7-4668-BE54-9A1E7A4F7556}") = "Infrastructure.MongoDB", "Infrastructure.MongoDB\Infrastructure.MongoDB.csproj", "{AF9848DA-5963-466D-BA4B-109047044F58}"
EndProject
Project("{9A19103F-16F7-4668-BE54-9A1E7A4F7556}") = "Library.ApplicationLayer", "Library.ApplicationLayer\Library.ApplicationLayer.csproj", "{A03C8056-2A9E-49C8-885E-9E21EDD54123}"
EndProject
Project("{9A19103F-16F7-4668-BE54-9A1E7A4F7556}") = "Library.Client", "Library.Client\Library.Client.csproj", "{DA743CCB-FC69-44E5-B758-8350088223B0}"
EndProject
Project("{9A19103F-16F7-4668-BE54-9A1E7A4F7556}") = "Library.Domain", "Library.Domain\Library.Domain.csproj", "{1079112E-EA34-434A-8BDF-E81406CC86E7}"
EndProject
Project("{9A19103F-16F7-4668-BE54-9A1E7A4F7556}") = "Library.Tests", "Library.Tests\Library.Tests.csproj", "{8375BF3E-55DA-478B-9D5D-E1E04EBC83EF}"
EndProject
Global
	GlobalSection(SolutionConfigurationPlatforms) = preSolution
		Debug|Any CPU = Debug|Any CPU
		Release|Any CPU = Release|Any CPU
	EndGlobalSection
	GlobalSection(ProjectConfigurationPlatforms) = postSolution
		{3C5DF4A8-E237-4DC3-99E3-96086AED0D01}.Debug|Any CPU.ActiveCfg = Debug|Any CPU
		{3C5DF4A8-E237-4DC3-99E3-96086AED0D01}.Debug|Any CPU.Build.0 = Debug|Any CPU
		{3C5DF4A8-E237-4DC3-99E3-96086AED0D01}.Release|Any CPU.ActiveCfg = Release|Any CPU
		{3C5DF4A8-E237-4DC3-99E3-96086AED0D01}.Release|Any CPU.Build.0 = Release|Any CPU
		{AF9848DA-5963-466D-BA4B-109047044F58}.Debug|Any CPU.ActiveCfg = Debug|Any CPU
		{AF9848DA-5963-466D-BA4B-109047044F58}.Debug|Any CPU.Build.0 = Debug|Any CPU
		{AF9848DA-5963-466D-BA4B-109047044F58}.Release|Any CPU.ActiveCfg = Release|Any CPU
		{AF9848DA-5963-466D-BA4B-109047044F58}.Release|Any CPU.Build.0 = Release|Any CPU
		{A03C8056-2A9E-49C8-885E-9E21EDD54123}.Debug|Any CPU.ActiveCfg = Debug|Any CPU
		{A03C8056-2A9E-49C8-885E-9E21EDD54123}.Debug|Any CPU.Build.0 = Debug|Any CPU
		{A03C8056-2A9E-49C8-885E-9E21EDD54123}.Release|Any CPU.ActiveCfg = Release|Any CPU
		{A03C8056-2A9E-49C8-885E-9E21EDD54123}.Release|Any CPU.Build.0 = Release|Any CPU
		{DA743CCB-FC69-44E5-B758-8350088223B0}.Debug|Any CPU.ActiveCfg = Debug|Any CPU
		{DA743CCB-FC69-44E5-B758-8350088223B0}.Debug|Any CPU.Build.0 = Debug|Any CPU
		{DA743CCB-FC69-44E5-B758-8350088223B0}.Release|Any CPU.ActiveCfg = Release|Any CPU
		{DA743CCB-FC69-44E5-B758-8350088223B0}.Release|Any CPU.Build.0 = Release|Any CPU
		{1079112E-EA34-434A-8BDF-E81406CC86E7}.Debug|Any CPU.ActiveCfg = Debug|Any CPU
		{1079112E-EA34-434A-8BDF-E81406CC86E7}.Debug|Any CPU.Build.0 = Debug|Any CPU
		{1079112E-EA34-434A-8BDF-E81406CC86E7}.Release|Any CPU.ActiveCfg = Release|Any CPU
		{1079112E-EA34-434A-8BDF-E81406CC86E7}.Release|Any CPU.Build.0 = Release|Any CPU
		{8375BF3E-55DA-478B-9D5D-E1E04EBC83EF}.Debug|Any CPU.ActiveCfg = Debug|Any CPU
		{8375BF3E-55DA-478B-9D5D-E1E04EBC83EF}.Debug|Any CPU.Build.0 = Debug|Any CPU
		{8375BF3E-55DA-478B-9D5D-E1E04EBC83EF}.Release|Any CPU.ActiveCfg = Release|Any CPU
		{8375BF3E-55DA-478B-9D5D-E1E04EBC83EF}.Release|Any CPU.Build.0 = Release|Any CPU
	EndGlobalSection
	GlobalSection(SolutionProperties) = preSolution
		HideSolutionNode = FALSE
	EndGlobalSection
	GlobalSection(ExtensibilityGlobals) = postSolution
		SolutionGuid = {7ADCFC2A-0EB0-4FE9-A4C2-3D24E637CABC}
	EndGlobalSection
EndGlobal
